// !$*UTF8*$!
{
	archiveVersion = 1;
	classes = {
	};
	objectVersion = 50;
	objects = {

/* Begin PBXBuildFile section */
		D5D0F6AC23F1E8D5009BE449 /* main.swift in Sources */ = {isa = PBXBuildFile; fileRef = D5D0F6AB23F1E8D5009BE449 /* main.swift */; };
		D5D0F6B323F1E8F7009BE449 /* Player.swift in Sources */ = {isa = PBXBuildFile; fileRef = D5D0F6B223F1E8F7009BE449 /* Player.swift */; };
		D5D0F6B523F1EA60009BE449 /* Warrior.swift in Sources */ = {isa = PBXBuildFile; fileRef = D5D0F6B423F1EA60009BE449 /* Warrior.swift */; };
		D5D0F6B723F1EC74009BE449 /* Viking.swift in Sources */ = {isa = PBXBuildFile; fileRef = D5D0F6B623F1EC73009BE449 /* Viking.swift */; };
		D5D0F6B923F1ED40009BE449 /* Gladiator.swift in Sources */ = {isa = PBXBuildFile; fileRef = D5D0F6B823F1ED40009BE449 /* Gladiator.swift */; };
		D5D0F6BB23F1EDAB009BE449 /* Knight.swift in Sources */ = {isa = PBXBuildFile; fileRef = D5D0F6BA23F1EDAB009BE449 /* Knight.swift */; };
		D5D0F6BD23F1EE1A009BE449 /* Weapon.swift in Sources */ = {isa = PBXBuildFile; fileRef = D5D0F6BC23F1EE1A009BE449 /* Weapon.swift */; };
		D5D0F6BF23F1EE4D009BE449 /* Ax.swift in Sources */ = {isa = PBXBuildFile; fileRef = D5D0F6BE23F1EE4D009BE449 /* Ax.swift */; };
		D5D0F6C123F1EE7D009BE449 /* BroadSword.swift in Sources */ = {isa = PBXBuildFile; fileRef = D5D0F6C023F1EE7D009BE449 /* BroadSword.swift */; };
		D5D0F6C323F1EE9D009BE449 /* Sword.swift in Sources */ = {isa = PBXBuildFile; fileRef = D5D0F6C223F1EE9D009BE449 /* Sword.swift */; };
		D5D0F6C523F1F0B4009BE449 /* Game.swift in Sources */ = {isa = PBXBuildFile; fileRef = D5D0F6C423F1F0B4009BE449 /* Game.swift */; };
		D5D0F6C723F1F0D1009BE449 /* Chest.swift in Sources */ = {isa = PBXBuildFile; fileRef = D5D0F6C623F1F0D1009BE449 /* Chest.swift */; };
		D5D0F6C923F1F0F4009BE449 /* RandomArm.swift in Sources */ = {isa = PBXBuildFile; fileRef = D5D0F6C823F1F0F3009BE449 /* RandomArm.swift */; };
/* End PBXBuildFile section */

/* Begin PBXCopyFilesBuildPhase section */
		D5D0F6A623F1E8D5009BE449 /* CopyFiles */ = {
			isa = PBXCopyFilesBuildPhase;
			buildActionMask = 2147483647;
			dstPath = /usr/share/man/man1/;
			dstSubfolderSpec = 0;
			files = (
			);
			runOnlyForDeploymentPostprocessing = 1;
		};
/* End PBXCopyFilesBuildPhase section */

/* Begin PBXFileReference section */
		D5D0F6A823F1E8D5009BE449 /* MonNouveauProjetCombat */ = {isa = PBXFileReference; explicitFileType = "compiled.mach-o.executable"; includeInIndex = 0; path = MonNouveauProjetCombat; sourceTree = BUILT_PRODUCTS_DIR; };
		D5D0F6AB23F1E8D5009BE449 /* main.swift */ = {isa = PBXFileReference; lastKnownFileType = sourcecode.swift; path = main.swift; sourceTree = "<group>"; };
		D5D0F6B223F1E8F7009BE449 /* Player.swift */ = {isa = PBXFileReference; lastKnownFileType = sourcecode.swift; path = Player.swift; sourceTree = "<group>"; };
		D5D0F6B423F1EA60009BE449 /* Warrior.swift */ = {isa = PBXFileReference; lastKnownFileType = sourcecode.swift; path = Warrior.swift; sourceTree = "<group>"; };
		D5D0F6B623F1EC73009BE449 /* Viking.swift */ = {isa = PBXFileReference; lastKnownFileType = sourcecode.swift; path = Viking.swift; sourceTree = "<group>"; };
		D5D0F6B823F1ED40009BE449 /* Gladiator.swift */ = {isa = PBXFileReference; lastKnownFileType = sourcecode.swift; path = Gladiator.swift; sourceTree = "<group>"; };
		D5D0F6BA23F1EDAB009BE449 /* Knight.swift */ = {isa = PBXFileReference; lastKnownFileType = sourcecode.swift; path = Knight.swift; sourceTree = "<group>"; };
		D5D0F6BC23F1EE1A009BE449 /* Weapon.swift */ = {isa = PBXFileReference; lastKnownFileType = sourcecode.swift; path = Weapon.swift; sourceTree = "<group>"; };
		D5D0F6BE23F1EE4D009BE449 /* Ax.swift */ = {isa = PBXFileReference; lastKnownFileType = sourcecode.swift; path = Ax.swift; sourceTree = "<group>"; };
		D5D0F6C023F1EE7D009BE449 /* BroadSword.swift */ = {isa = PBXFileReference; lastKnownFileType = sourcecode.swift; path = BroadSword.swift; sourceTree = "<group>"; };
		D5D0F6C223F1EE9D009BE449 /* Sword.swift */ = {isa = PBXFileReference; lastKnownFileType = sourcecode.swift; path = Sword.swift; sourceTree = "<group>"; };
		D5D0F6C423F1F0B4009BE449 /* Game.swift */ = {isa = PBXFileReference; lastKnownFileType = sourcecode.swift; path = Game.swift; sourceTree = "<group>"; };
		D5D0F6C623F1F0D1009BE449 /* Chest.swift */ = {isa = PBXFileReference; lastKnownFileType = sourcecode.swift; path = Chest.swift; sourceTree = "<group>"; };
		D5D0F6C823F1F0F3009BE449 /* RandomArm.swift */ = {isa = PBXFileReference; lastKnownFileType = sourcecode.swift; path = RandomArm.swift; sourceTree = "<group>"; };
/* End PBXFileReference section */

/* Begin PBXFrameworksBuildPhase section */
		D5D0F6A523F1E8D5009BE449 /* Frameworks */ = {
			isa = PBXFrameworksBuildPhase;
			buildActionMask = 2147483647;
			files = (
			);
			runOnlyForDeploymentPostprocessing = 0;
		};
/* End PBXFrameworksBuildPhase section */

/* Begin PBXGroup section */
		D5D0F69F23F1E8D5009BE449 = {
			isa = PBXGroup;
			children = (
				D5D0F6AA23F1E8D5009BE449 /* MonNouveauProjetCombat */,
				D5D0F6A923F1E8D5009BE449 /* Products */,
			);
			sourceTree = "<group>";
		};
		D5D0F6A923F1E8D5009BE449 /* Products */ = {
			isa = PBXGroup;
			children = (
				D5D0F6A823F1E8D5009BE449 /* MonNouveauProjetCombat */,
			);
			name = Products;
			sourceTree = "<group>";
		};
		D5D0F6AA23F1E8D5009BE449 /* MonNouveauProjetCombat */ = {
			isa = PBXGroup;
			children = (
				D5D0F6AB23F1E8D5009BE449 /* main.swift */,
				D5D0F6B223F1E8F7009BE449 /* Player.swift */,
				D5D0F6C423F1F0B4009BE449 /* Game.swift */,
				D5D0F6C623F1F0D1009BE449 /* Chest.swift */,
				D5D0F6B423F1EA60009BE449 /* Warrior.swift */,
				D5D0F6B623F1EC73009BE449 /* Viking.swift */,
				D5D0F6B823F1ED40009BE449 /* Gladiator.swift */,
				D5D0F6BA23F1EDAB009BE449 /* Knight.swift */,
				D5D0F6BC23F1EE1A009BE449 /* Weapon.swift */,
				D5D0F6BE23F1EE4D009BE449 /* Ax.swift */,
				D5D0F6C823F1F0F3009BE449 /* RandomArm.swift */,
				D5D0F6C023F1EE7D009BE449 /* BroadSword.swift */,
				D5D0F6C223F1EE9D009BE449 /* Sword.swift */,
			);
			path = MonNouveauProjetCombat;
			sourceTree = "<group>";
		};
/* End PBXGroup section */

/* Begin PBXNativeTarget section */
		D5D0F6A723F1E8D5009BE449 /* MonNouveauProjetCombat */ = {
			isa = PBXNativeTarget;
			buildConfigurationList = D5D0F6AF23F1E8D5009BE449 /* Build configuration list for PBXNativeTarget "MonNouveauProjetCombat" */;
			buildPhases = (
				D5D0F6A423F1E8D5009BE449 /* Sources */,
				D5D0F6A523F1E8D5009BE449 /* Frameworks */,
				D5D0F6A623F1E8D5009BE449 /* CopyFiles */,
			);
			buildRules = (
			);
			dependencies = (
			);
			name = MonNouveauProjetCombat;
			productName = MonNouveauProjetCombat;
			productReference = D5D0F6A823F1E8D5009BE449 /* MonNouveauProjetCombat */;
			productType = "com.apple.product-type.tool";
		};
/* End PBXNativeTarget section */

/* Begin PBXProject section */
		D5D0F6A023F1E8D5009BE449 /* Project object */ = {
			isa = PBXProject;
			attributes = {
				LastSwiftUpdateCheck = 1130;
				LastUpgradeCheck = 1130;
				ORGANIZATIONNAME = armellelecerf;
				TargetAttributes = {
					D5D0F6A723F1E8D5009BE449 = {
						CreatedOnToolsVersion = 11.3.1;
					};
				};
			};
			buildConfigurationList = D5D0F6A323F1E8D5009BE449 /* Build configuration list for PBXProject "MonNouveauProjetCombat" */;
			compatibilityVersion = "Xcode 9.3";
			developmentRegion = en;
			hasScannedForEncodings = 0;
			knownRegions = (
				en,
				Base,
			);
			mainGroup = D5D0F69F23F1E8D5009BE449;
			productRefGroup = D5D0F6A923F1E8D5009BE449 /* Products */;
			projectDirPath = "";
			projectRoot = "";
			targets = (
				D5D0F6A723F1E8D5009BE449 /* MonNouveauProjetCombat */,
			);
		};
/* End PBXProject section */

/* Begin PBXSourcesBuildPhase section */
		D5D0F6A423F1E8D5009BE449 /* Sources */ = {
			isa = PBXSourcesBuildPhase;
			buildActionMask = 2147483647;
			files = (
				D5D0F6B523F1EA60009BE449 /* Warrior.swift in Sources */,
				D5D0F6B323F1E8F7009BE449 /* Player.swift in Sources */,
				D5D0F6B923F1ED40009BE449 /* Gladiator.swift in Sources */,
				D5D0F6BD23F1EE1A009BE449 /* Weapon.swift in Sources */,
				D5D0F6BF23F1EE4D009BE449 /* Ax.swift in Sources */,
				D5D0F6C323F1EE9D009BE449 /* Sword.swift in Sources */,
				D5D0F6C523F1F0B4009BE449 /* Game.swift in Sources */,
				D5D0F6AC23F1E8D5009BE449 /* main.swift in Sources */,
				D5D0F6C923F1F0F4009BE449 /* RandomArm.swift in Sources */,
				D5D0F6BB23F1EDAB009BE449 /* Knight.swift in Sources */,
				D5D0F6C723F1F0D1009BE449 /* Chest.swift in Sources */,
				D5D0F6B723F1EC74009BE449 /* Viking.swift in Sources */,
				D5D0F6C123F1EE7D009BE449 /* BroadSword.swift in Sources */,
			);
			runOnlyForDeploymentPostprocessing = 0;
		};
/* End PBXSourcesBuildPhase section */

/* Begin XCBuildConfiguration section */
		D5D0F6AD23F1E8D5009BE449 /* Debug */ = {
			isa = XCBuildConfiguration;
			buildSettings = {
				ALWAYS_SEARCH_USER_PATHS = NO;
				CLANG_ANALYZER_NONNULL = YES;
				CLANG_ANALYZER_NUMBER_OBJECT_CONVERSION = YES_AGGRESSIVE;
				CLANG_CXX_LANGUAGE_STANDARD = "gnu++14";
				CLANG_CXX_LIBRARY = "libc++";
				CLANG_ENABLE_MODULES = YES;
				CLANG_ENABLE_OBJC_ARC = YES;
				CLANG_ENABLE_OBJC_WEAK = YES;
				CLANG_WARN_BLOCK_CAPTURE_AUTORELEASING = YES;
				CLANG_WARN_BOOL_CONVERSION = YES;
				CLANG_WARN_COMMA = YES;
				CLANG_WARN_CONSTANT_CONVERSION = YES;
				CLANG_WARN_DEPRECATED_OBJC_IMPLEMENTATIONS = YES;
				CLANG_WARN_DIRECT_OBJC_ISA_USAGE = YES_ERROR;
				CLANG_WARN_DOCUMENTATION_COMMENTS = YES;
				CLANG_WARN_EMPTY_BODY = YES;
				CLANG_WARN_ENUM_CONVERSION = YES;
				CLANG_WARN_INFINITE_RECURSION = YES;
				CLANG_WARN_INT_CONVERSION = YES;
				CLANG_WARN_NON_LITERAL_NULL_CONVERSION = YES;
				CLANG_WARN_OBJC_IMPLICIT_RETAIN_SELF = YES;
				CLANG_WARN_OBJC_LITERAL_CONVERSION = YES;
				CLANG_WARN_OBJC_ROOT_CLASS = YES_ERROR;
				CLANG_WARN_RANGE_LOOP_ANALYSIS = YES;
				CLANG_WARN_STRICT_PROTOTYPES = YES;
				CLANG_WARN_SUSPICIOUS_MOVE = YES;
				CLANG_WARN_UNGUARDED_AVAILABILITY = YES_AGGRESSIVE;
				CLANG_WARN_UNREACHABLE_CODE = YES;
				CLANG_WARN__DUPLICATE_METHOD_MATCH = YES;
				COPY_PHASE_STRIP = NO;
				DEBUG_INFORMATION_FORMAT = dwarf;
				ENABLE_STRICT_OBJC_MSGSEND = YES;
				ENABLE_TESTABILITY = YES;
				GCC_C_LANGUAGE_STANDARD = gnu11;
				GCC_DYNAMIC_NO_PIC = NO;
				GCC_NO_COMMON_BLOCKS = YES;
				GCC_OPTIMIZATION_LEVEL = 0;
				GCC_PREPROCESSOR_DEFINITIONS = (
					"DEBUG=1",
					"$(inherited)",
				);
				GCC_WARN_64_TO_32_BIT_CONVERSION = YES;
				GCC_WARN_ABOUT_RETURN_TYPE = YES_ERROR;
				GCC_WARN_UNDECLARED_SELECTOR = YES;
				GCC_WARN_UNINITIALIZED_AUTOS = YES_AGGRESSIVE;
				GCC_WARN_UNUSED_FUNCTION = YES;
				GCC_WARN_UNUSED_VARIABLE = YES;
				MACOSX_DEPLOYMENT_TARGET = 10.14;
				MTL_ENABLE_DEBUG_INFO = INCLUDE_SOURCE;
				MTL_FAST_MATH = YES;
				ONLY_ACTIVE_ARCH = YES;
				SDKROOT = macosx;
				SWIFT_ACTIVE_COMPILATION_CONDITIONS = DEBUG;
				SWIFT_OPTIMIZATION_LEVEL = "-Onone";
			};
			name = Debug;
		};
		D5D0F6AE23F1E8D5009BE449 /* Release */ = {
			isa = XCBuildConfiguration;
			buildSettings = {
				ALWAYS_SEARCH_USER_PATHS = NO;
				CLANG_ANALYZER_NONNULL = YES;
				CLANG_ANALYZER_NUMBER_OBJECT_CONVERSION = YES_AGGRESSIVE;
				CLANG_CXX_LANGUAGE_STANDARD = "gnu++14";
				CLANG_CXX_LIBRARY = "libc++";
				CLANG_ENABLE_MODULES = YES;
				CLANG_ENABLE_OBJC_ARC = YES;
				CLANG_ENABLE_OBJC_WEAK = YES;
				CLANG_WARN_BLOCK_CAPTURE_AUTORELEASING = YES;
				CLANG_WARN_BOOL_CONVERSION = YES;
				CLANG_WARN_COMMA = YES;
				CLANG_WARN_CONSTANT_CONVERSION = YES;
				CLANG_WARN_DEPRECATED_OBJC_IMPLEMENTATIONS = YES;
				CLANG_WARN_DIRECT_OBJC_ISA_USAGE = YES_ERROR;
				CLANG_WARN_DOCUMENTATION_COMMENTS = YES;
				CLANG_WARN_EMPTY_BODY = YES;
				CLANG_WARN_ENUM_CONVERSION = YES;
				CLANG_WARN_INFINITE_RECURSION = YES;
				CLANG_WARN_INT_CONVERSION = YES;
				CLANG_WARN_NON_LITERAL_NULL_CONVERSION = YES;
				CLANG_WARN_OBJC_IMPLICIT_RETAIN_SELF = YES;
				CLANG_WARN_OBJC_LITERAL_CONVERSION = YES;
				CLANG_WARN_OBJC_ROOT_CLASS = YES_ERROR;
				CLANG_WARN_RANGE_LOOP_ANALYSIS = YES;
				CLANG_WARN_STRICT_PROTOTYPES = YES;
				CLANG_WARN_SUSPICIOUS_MOVE = YES;
				CLANG_WARN_UNGUARDED_AVAILABILITY = YES_AGGRESSIVE;
				CLANG_WARN_UNREACHABLE_CODE = YES;
				CLANG_WARN__DUPLICATE_METHOD_MATCH = YES;
				COPY_PHASE_STRIP = NO;
				DEBUG_INFORMATION_FORMAT = "dwarf-with-dsym";
				ENABLE_NS_ASSERTIONS = NO;
				ENABLE_STRICT_OBJC_MSGSEND = YES;
				GCC_C_LANGUAGE_STANDARD = gnu11;
				GCC_NO_COMMON_BLOCKS = YES;
				GCC_WARN_64_TO_32_BIT_CONVERSION = YES;
				GCC_WARN_ABOUT_RETURN_TYPE = YES_ERROR;
				GCC_WARN_UNDECLARED_SELECTOR = YES;
				GCC_WARN_UNINITIALIZED_AUTOS = YES_AGGRESSIVE;
				GCC_WARN_UNUSED_FUNCTION = YES;
				GCC_WARN_UNUSED_VARIABLE = YES;
				MACOSX_DEPLOYMENT_TARGET = 10.14;
				MTL_ENABLE_DEBUG_INFO = NO;
				MTL_FAST_MATH = YES;
				SDKROOT = macosx;
				SWIFT_COMPILATION_MODE = wholemodule;
				SWIFT_OPTIMIZATION_LEVEL = "-O";
			};
			name = Release;
		};
		D5D0F6B023F1E8D5009BE449 /* Debug */ = {
			isa = XCBuildConfiguration;
			buildSettings = {
				CODE_SIGN_STYLE = Automatic;
				PRODUCT_NAME = "$(TARGET_NAME)";
				SWIFT_VERSION = 5.0;
			};
			name = Debug;
		};
		D5D0F6B123F1E8D5009BE449 /* Release */ = {
			isa = XCBuildConfiguration;
			buildSettings = {
				CODE_SIGN_STYLE = Automatic;
				PRODUCT_NAME = "$(TARGET_NAME)";
				SWIFT_VERSION = 5.0;
			};
			name = Release;
		};
/* End XCBuildConfiguration section */

/* Begin XCConfigurationList section */
		D5D0F6A323F1E8D5009BE449 /* Build configuration list for PBXProject "MonNouveauProjetCombat" */ = {
			isa = XCConfigurationList;
			buildConfigurations = (
				D5D0F6AD23F1E8D5009BE449 /* Debug */,
				D5D0F6AE23F1E8D5009BE449 /* Release */,
			);
			defaultConfigurationIsVisible = 0;
			defaultConfigurationName = Release;
		};
		D5D0F6AF23F1E8D5009BE449 /* Build configuration list for PBXNativeTarget "MonNouveauProjetCombat" */ = {
			isa = XCConfigurationList;
			buildConfigurations = (
				D5D0F6B023F1E8D5009BE449 /* Debug */,
				D5D0F6B123F1E8D5009BE449 /* Release */,
			);
			defaultConfigurationIsVisible = 0;
			defaultConfigurationName = Release;
		};
/* End XCConfigurationList section */
	};
	rootObject = D5D0F6A023F1E8D5009BE449 /* Project object */;
}
